
Microsoft Visual Studio Solution File, Format Version 12.00
# Visual Studio Version 16
VisualStudioVersion = 16.0.30011.22
MinimumVisualStudioVersion = 10.0.40219.1
Project("{FAE04EC0-301F-11D3-BF4B-00C04F79EFBC}") = "SampleProject", "SampleProject\SampleProject.csproj", "{F70F755B-DFAA-4B33-AEF8-9ED9F7C2A17B}"
EndProject
Global
	GlobalSection(SolutionConfigurationPlatforms) = preSolution
		Debug|Any CPU = Debug|Any CPU
		Release|Any CPU = Release|Any CPU
	EndGlobalSection
	GlobalSection(ProjectConfigurationPlatforms) = postSolution
		{F70F755B-DFAA-4B33-AEF8-9ED9F7C2A17B}.Debug|Any CPU.ActiveCfg = Debug|Any CPU
		{F70F755B-DFAA-4B33-AEF8-9ED9F7C2A17B}.Debug|Any CPU.Build.0 = Debug|Any CPU
		{F70F755B-DFAA-4B33-AEF8-9ED9F7C2A17B}.Release|Any CPU.ActiveCfg = Release|Any CPU
		{F70F755B-DFAA-4B33-AEF8-9ED9F7C2A17B}.Release|Any CPU.Build.0 = Release|Any CPU
	EndGlobalSection
	GlobalSection(SolutionProperties) = preSolution
		HideSolutionNode = FALSE
	EndGlobalSection
	GlobalSection(ExtensibilityGlobals) = postSolution
		SolutionGuid = {20CD1406-3973-480D-9059-032484E0AC44}
	EndGlobalSection
EndGlobal
